{
  "name": "miprueba",
  "version": "1.0.0",
  "lockfileVersion": 3,
  "requires": true,
  "packages": {
    "": {
      "name": "miprueba",
      "version": "1.0.0",
      "license": "ISC",
      "dependencies": {
        "lucide": "^0.537.0"
      }
    },
    "node_modules/lucide": {
      "version": "0.537.0",
      "resolved": "https://registry.npmjs.org/lucide/-/lucide-0.537.0.tgz",
      "integrity": "sha512-EuafIo7OaBBdHhIF5/v6G2H9IOFwZkY2ZFiqn2xHO8QEInXxQnPDJM+nX8CFylBISMZ8GlB9ktSMSgqP/L0kQw==",
      "license": "ISC"
    }
  }
}
